
Microsoft Visual Studio Solution File, Format Version 12.00
# Visual Studio Version 17
VisualStudioVersion = 17.6.33829.357
MinimumVisualStudioVersion = 10.0.40219.1
Project("{FAE04EC0-301F-11D3-BF4B-00C04F79EFBC}") = "GestionWebAPI", "GestionWebAPI\GestionWebAPI.csproj", "{94665286-8396-4823-A398-1AE39E279B1F}"
EndProject
Global
	GlobalSection(SolutionConfigurationPlatforms) = preSolution
		Debug|Any CPU = Debug|Any CPU
		Release|Any CPU = Release|Any CPU
	EndGlobalSection
	GlobalSection(ProjectConfigurationPlatforms) = postSolution
		{94665286-8396-4823-A398-1AE39E279B1F}.Debug|Any CPU.ActiveCfg = Debug|Any CPU
		{94665286-8396-4823-A398-1AE39E279B1F}.Debug|Any CPU.Build.0 = Debug|Any CPU
		{94665286-8396-4823-A398-1AE39E279B1F}.Release|Any CPU.ActiveCfg = Release|Any CPU
		{94665286-8396-4823-A398-1AE39E279B1F}.Release|Any CPU.Build.0 = Release|Any CPU
	EndGlobalSection
	GlobalSection(SolutionProperties) = preSolution
		HideSolutionNode = FALSE
	EndGlobalSection
	GlobalSection(ExtensibilityGlobals) = postSolution
		SolutionGuid = {360E377E-917F-4886-9533-827AEC9E378E}
	EndGlobalSection
EndGlobal
